
Microsoft Visual Studio Solution File, Format Version 12.00
# Visual Studio Version 17
VisualStudioVersion = 17.14.36127.28
MinimumVisualStudioVersion = 10.0.40219.1
Project("{FAE04EC0-301F-11D3-BF4B-00C04F79EFBC}") = "Trabajo_API.NET", "Trabajo_API.NET.csproj", "{411D591B-C1D4-434B-AADC-C5EAFBF099D4}"
EndProject
Global
	GlobalSection(SolutionConfigurationPlatforms) = preSolution
		Debug|Any CPU = Debug|Any CPU
		Release|Any CPU = Release|Any CPU
	EndGlobalSection
	GlobalSection(ProjectConfigurationPlatforms) = postSolution
		{411D591B-C1D4-434B-AADC-C5EAFBF099D4}.Debug|Any CPU.ActiveCfg = Debug|Any CPU
		{411D591B-C1D4-434B-AADC-C5EAFBF099D4}.Debug|Any CPU.Build.0 = Debug|Any CPU
		{411D591B-C1D4-434B-AADC-C5EAFBF099D4}.Release|Any CPU.ActiveCfg = Release|Any CPU
		{411D591B-C1D4-434B-AADC-C5EAFBF099D4}.Release|Any CPU.Build.0 = Release|Any CPU
	EndGlobalSection
	GlobalSection(SolutionProperties) = preSolution
		HideSolutionNode = FALSE
	EndGlobalSection
	GlobalSection(ExtensibilityGlobals) = postSolution
		SolutionGuid = {AE1B5833-5991-48C3-B2F9-E45FE667BEEC}
	EndGlobalSection
EndGlobal
